
Microsoft Visual Studio Solution File, Format Version 12.00
Project("{FAE04EC0-301F-11D3-BF4B-00C04F79EFBC}") = "Application", "Application.csproj", "{F5DB4835-B750-47F7-97A0-4D4A0C98AB93}"
EndProject
Global
	GlobalSection(SolutionConfigurationPlatforms) = preSolution
		Debug|Any CPU = Debug|Any CPU
		Release|Any CPU = Release|Any CPU
	EndGlobalSection
	GlobalSection(ProjectConfigurationPlatforms) = postSolution
		{F5DB4835-B750-47F7-97A0-4D4A0C98AB93}.Debug|Any CPU.ActiveCfg = Debug|Any CPU
		{F5DB4835-B750-47F7-97A0-4D4A0C98AB93}.Debug|Any CPU.Build.0 = Debug|Any CPU
		{F5DB4835-B750-47F7-97A0-4D4A0C98AB93}.Release|Any CPU.ActiveCfg = Release|Any CPU
		{F5DB4835-B750-47F7-97A0-4D4A0C98AB93}.Release|Any CPU.Build.0 = Release|Any CPU
	EndGlobalSection
EndGlobal
